// !$*UTF8*$!
{
	archiveVersion = 1;
	classes = {
	};
	objectVersion = 46;
	objects = {

/* Begin PBXBuildFile section */
		49C78D5A194105C2004D3404 /* AppDelegate.swift in Sources */ = {isa = PBXBuildFile; fileRef = 49C78D59194105C2004D3404 /* AppDelegate.swift */; };
		49C78D5D194105C2004D3404 /* iKF.xcdatamodeld in Sources */ = {isa = PBXBuildFile; fileRef = 49C78D5B194105C2004D3404 /* iKF.xcdatamodeld */; };
		49C78D5F194105C2004D3404 /* ViewController.swift in Sources */ = {isa = PBXBuildFile; fileRef = 49C78D5E194105C2004D3404 /* ViewController.swift */; };
		49C78D62194105C2004D3404 /* Main.storyboard in Resources */ = {isa = PBXBuildFile; fileRef = 49C78D60194105C2004D3404 /* Main.storyboard */; };
		49C78D64194105C2004D3404 /* Images.xcassets in Resources */ = {isa = PBXBuildFile; fileRef = 49C78D63194105C2004D3404 /* Images.xcassets */; };
		49C78D70194105C2004D3404 /* iKFTests.swift in Sources */ = {isa = PBXBuildFile; fileRef = 49C78D6F194105C2004D3404 /* iKFTests.swift */; };
/* End PBXBuildFile section */

/* Begin PBXContainerItemProxy section */
		49C78D6A194105C2004D3404 /* PBXContainerItemProxy */ = {
			isa = PBXContainerItemProxy;
			containerPortal = 49C78D4C194105C2004D3404 /* Project object */;
			proxyType = 1;
			remoteGlobalIDString = 49C78D53194105C2004D3404;
			remoteInfo = iKF;
		};
/* End PBXContainerItemProxy section */

/* Begin PBXFileReference section */
		49C78D54194105C2004D3404 /* iKF.app */ = {isa = PBXFileReference; explicitFileType = wrapper.application; includeInIndex = 0; path = iKF.app; sourceTree = BUILT_PRODUCTS_DIR; };
		49C78D58194105C2004D3404 /* Info.plist */ = {isa = PBXFileReference; lastKnownFileType = text.plist.xml; path = Info.plist; sourceTree = "<group>"; };
		49C78D59194105C2004D3404 /* AppDelegate.swift */ = {isa = PBXFileReference; lastKnownFileType = sourcecode.swift; path = AppDelegate.swift; sourceTree = "<group>"; };
		49C78D5C194105C2004D3404 /* iKF.xcdatamodel */ = {isa = PBXFileReference; lastKnownFileType = wrapper.xcdatamodel; path = iKF.xcdatamodel; sourceTree = "<group>"; };
		49C78D5E194105C2004D3404 /* ViewController.swift */ = {isa = PBXFileReference; lastKnownFileType = sourcecode.swift; path = ViewController.swift; sourceTree = "<group>"; };
		49C78D61194105C2004D3404 /* Base */ = {isa = PBXFileReference; lastKnownFileType = file.storyboard; name = Base; path = Base.lproj/Main.storyboard; sourceTree = "<group>"; };
		49C78D63194105C2004D3404 /* Images.xcassets */ = {isa = PBXFileReference; lastKnownFileType = folder.assetcatalog; path = Images.xcassets; sourceTree = "<group>"; };
		49C78D69194105C2004D3404 /* iKFTests.xctest */ = {isa = PBXFileReference; explicitFileType = wrapper.cfbundle; includeInIndex = 0; path = iKFTests.xctest; sourceTree = BUILT_PRODUCTS_DIR; };
		49C78D6E194105C2004D3404 /* Info.plist */ = {isa = PBXFileReference; lastKnownFileType = text.plist.xml; path = Info.plist; sourceTree = "<group>"; };
		49C78D6F194105C2004D3404 /* iKFTests.swift */ = {isa = PBXFileReference; lastKnownFileType = sourcecode.swift; path = iKFTests.swift; sourceTree = "<group>"; };
/* End PBXFileReference section */

/* Begin PBXFrameworksBuildPhase section */
		49C78D51194105C2004D3404 /* Frameworks */ = {
			isa = PBXFrameworksBuildPhase;
			buildActionMask = 2147483647;
			files = (
			);
			runOnlyForDeploymentPostprocessing = 0;
		};
		49C78D66194105C2004D3404 /* Frameworks */ = {
			isa = PBXFrameworksBuildPhase;
			buildActionMask = 2147483647;
			files = (
			);
			runOnlyForDeploymentPostprocessing = 0;
		};
/* End PBXFrameworksBuildPhase section */

/* Begin PBXGroup section */
		49C78D4B194105C2004D3404 = {
			isa = PBXGroup;
			children = (
				49C78D56194105C2004D3404 /* iKF */,
				49C78D6C194105C2004D3404 /* iKFTests */,
				49C78D55194105C2004D3404 /* Products */,
			);
			sourceTree = "<group>";
		};
		49C78D55194105C2004D3404 /* Products */ = {
			isa = PBXGroup;
			children = (
				49C78D54194105C2004D3404 /* iKF.app */,
				49C78D69194105C2004D3404 /* iKFTests.xctest */,
			);
			name = Products;
			sourceTree = "<group>";
		};
		49C78D56194105C2004D3404 /* iKF */ = {
			isa = PBXGroup;
			children = (
				49C78D59194105C2004D3404 /* AppDelegate.swift */,
				49C78D5E194105C2004D3404 /* ViewController.swift */,
				49C78D60194105C2004D3404 /* Main.storyboard */,
				49C78D63194105C2004D3404 /* Images.xcassets */,
				49C78D5B194105C2004D3404 /* iKF.xcdatamodeld */,
				49C78D57194105C2004D3404 /* Supporting Files */,
			);
			path = iKF;
			sourceTree = "<group>";
		};
		49C78D57194105C2004D3404 /* Supporting Files */ = {
			isa = PBXGroup;
			children = (
				49C78D58194105C2004D3404 /* Info.plist */,
			);
			name = "Supporting Files";
			sourceTree = "<group>";
		};
		49C78D6C194105C2004D3404 /* iKFTests */ = {
			isa = PBXGroup;
			children = (
				49C78D6F194105C2004D3404 /* iKFTests.swift */,
				49C78D6D194105C2004D3404 /* Supporting Files */,
			);
			path = iKFTests;
			sourceTree = "<group>";
		};
		49C78D6D194105C2004D3404 /* Supporting Files */ = {
			isa = PBXGroup;
			children = (
				49C78D6E194105C2004D3404 /* Info.plist */,
			);
			name = "Supporting Files";
			sourceTree = "<group>";
		};
/* End PBXGroup section */

/* Begin PBXNativeTarget section */
		49C78D53194105C2004D3404 /* iKF */ = {
			isa = PBXNativeTarget;
			buildConfigurationList = 49C78D73194105C2004D3404 /* Build configuration list for PBXNativeTarget "iKF" */;
			buildPhases = (
				49C78D50194105C2004D3404 /* Sources */,
				49C78D51194105C2004D3404 /* Frameworks */,
				49C78D52194105C2004D3404 /* Resources */,
			);
			buildRules = (
			);
			dependencies = (
			);
			name = iKF;
			productName = iKF;
			productReference = 49C78D54194105C2004D3404 /* iKF.app */;
			productType = "com.apple.product-type.application";
		};
		49C78D68194105C2004D3404 /* iKFTests */ = {
			isa = PBXNativeTarget;
			buildConfigurationList = 49C78D76194105C2004D3404 /* Build configuration list for PBXNativeTarget "iKFTests" */;
			buildPhases = (
				49C78D65194105C2004D3404 /* Sources */,
				49C78D66194105C2004D3404 /* Frameworks */,
				49C78D67194105C2004D3404 /* Resources */,
			);
			buildRules = (
			);
			dependencies = (
				49C78D6B194105C2004D3404 /* PBXTargetDependency */,
			);
			name = iKFTests;
			productName = iKFTests;
			productReference = 49C78D69194105C2004D3404 /* iKFTests.xctest */;
			productType = "com.apple.product-type.bundle.unit-test";
		};
/* End PBXNativeTarget section */

/* Begin PBXProject section */
		49C78D4C194105C2004D3404 /* Project object */ = {
			isa = PBXProject;
			attributes = {
				LastUpgradeCheck = 0600;
				ORGANIZATIONNAME = "Yoshiaki Matsuzawa";
				TargetAttributes = {
					49C78D53194105C2004D3404 = {
						CreatedOnToolsVersion = 6.0;
						DevelopmentTeam = B66PC57289;
					};
					49C78D68194105C2004D3404 = {
						CreatedOnToolsVersion = 6.0;
						TestTargetID = 49C78D53194105C2004D3404;
					};
				};
			};
			buildConfigurationList = 49C78D4F194105C2004D3404 /* Build configuration list for PBXProject "iKF" */;
			compatibilityVersion = "Xcode 3.2";
			developmentRegion = English;
			hasScannedForEncodings = 0;
			knownRegions = (
				en,
				Base,
			);
			mainGroup = 49C78D4B194105C2004D3404;
			productRefGroup = 49C78D55194105C2004D3404 /* Products */;
			projectDirPath = "";
			projectRoot = "";
			targets = (
				49C78D53194105C2004D3404 /* iKF */,
				49C78D68194105C2004D3404 /* iKFTests */,
			);
		};
/* End PBXProject section */

/* Begin PBXResourcesBuildPhase section */
		49C78D52194105C2004D3404 /* Resources */ = {
			isa = PBXResourcesBuildPhase;
			buildActionMask = 2147483647;
			files = (
				49C78D62194105C2004D3404 /* Main.storyboard in Resources */,
				49C78D64194105C2004D3404 /* Images.xcassets in Resources */,
			);
			runOnlyForDeploymentPostprocessing = 0;
		};
		49C78D67194105C2004D3404 /* Resources */ = {
			isa = PBXResourcesBuildPhase;
			buildActionMask = 2147483647;
			files = (
			);
			runOnlyForDeploymentPostprocessing = 0;
		};
/* End PBXResourcesBuildPhase section */

/* Begin PBXSourcesBuildPhase section */
		49C78D50194105C2004D3404 /* Sources */ = {
			isa = PBXSourcesBuildPhase;
			buildActionMask = 2147483647;
			files = (
				49C78D5F194105C2004D3404 /* ViewController.swift in Sources */,
				49C78D5D194105C2004D3404 /* iKF.xcdatamodeld in Sources */,
				49C78D5A194105C2004D3404 /* AppDelegate.swift in Sources */,
			);
			runOnlyForDeploymentPostprocessing = 0;
		};
		49C78D65194105C2004D3404 /* Sources */ = {
			isa = PBXSourcesBuildPhase;
			buildActionMask = 2147483647;
			files = (
				49C78D70194105C2004D3404 /* iKFTests.swift in Sources */,
			);
			runOnlyForDeploymentPostprocessing = 0;
		};
/* End PBXSourcesBuildPhase section */

/* Begin PBXTargetDependency section */
		49C78D6B194105C2004D3404 /* PBXTargetDependency */ = {
			isa = PBXTargetDependency;
			target = 49C78D53194105C2004D3404 /* iKF */;
			targetProxy = 49C78D6A194105C2004D3404 /* PBXContainerItemProxy */;
		};
/* End PBXTargetDependency section */

/* Begin PBXVariantGroup section */
		49C78D60194105C2004D3404 /* Main.storyboard */ = {
			isa = PBXVariantGroup;
			children = (
				49C78D61194105C2004D3404 /* Base */,
			);
			name = Main.storyboard;
			sourceTree = "<group>";
		};
/* End PBXVariantGroup section */

/* Begin XCBuildConfiguration section */
		49C78D71194105C2004D3404 /* Debug */ = {
			isa = XCBuildConfiguration;
			buildSettings = {
				ALWAYS_SEARCH_USER_PATHS = NO;
				CLANG_CXX_LANGUAGE_STANDARD = "gnu++0x";
				CLANG_CXX_LIBRARY = "libc++";
				CLANG_ENABLE_MODULES = YES;
				CLANG_ENABLE_OBJC_ARC = YES;
				CLANG_WARN_BOOL_CONVERSION = YES;
				CLANG_WARN_CONSTANT_CONVERSION = YES;
				CLANG_WARN_DIRECT_OBJC_ISA_USAGE = YES_ERROR;
				CLANG_WARN_EMPTY_BODY = YES;
				CLANG_WARN_ENUM_CONVERSION = YES;
				CLANG_WARN_INT_CONVERSION = YES;
				CLANG_WARN_OBJC_ROOT_CLASS = YES_ERROR;
				CLANG_WARN_UNREACHABLE_CODE = YES;
				CLANG_WARN__DUPLICATE_METHOD_MATCH = YES;
				"CODE_SIGN_IDENTITY[sdk=iphoneos*]" = "iPhone Developer";
				COPY_PHASE_STRIP = NO;
				ENABLE_STRICT_OBJC_MSGSEND = YES;
				GCC_C_LANGUAGE_STANDARD = gnu99;
				GCC_DYNAMIC_NO_PIC = NO;
				GCC_OPTIMIZATION_LEVEL = 0;
				GCC_PREPROCESSOR_DEFINITIONS = (
					"DEBUG=1",
					"$(inherited)",
				);
				GCC_SYMBOLS_PRIVATE_EXTERN = NO;
				GCC_WARN_64_TO_32_BIT_CONVERSION = YES;
				GCC_WARN_ABOUT_RETURN_TYPE = YES_ERROR;
				GCC_WARN_UNDECLARED_SELECTOR = YES;
				GCC_WARN_UNINITIALIZED_AUTOS = YES_AGGRESSIVE;
				GCC_WARN_UNUSED_FUNCTION = YES;
				GCC_WARN_UNUSED_VARIABLE = YES;
				IPHONEOS_DEPLOYMENT_TARGET = 8.0;
				METAL_ENABLE_DEBUG_INFO = YES;
				ONLY_ACTIVE_ARCH = YES;
				SDKROOT = iphoneos;
				SWIFT_OPTIMIZATION_LEVEL = "-Onone";
				TARGETED_DEVICE_FAMILY = 2;
			};
			name = Debug;
		};
		49C78D72194105C2004D3404 /* Release */ = {
			isa = XCBuildConfiguration;
			buildSettings = {
				ALWAYS_SEARCH_USER_PATHS = NO;
				CLANG_CXX_LANGUAGE_STANDARD = "gnu++0x";
				CLANG_CXX_LIBRARY = "libc++";
				CLANG_ENABLE_MODULES = YES;
				CLANG_ENABLE_OBJC_ARC = YES;
				CLANG_WARN_BOOL_CONVERSION = YES;
				CLANG_WARN_CONSTANT_CONVERSION = YES;
				CLANG_WARN_DIRECT_OBJC_ISA_USAGE = YES_ERROR;
				CLANG_WARN_EMPTY_BODY = YES;
				CLANG_WARN_ENUM_CONVERSION = YES;
				CLANG_WARN_INT_CONVERSION = YES;
				CLANG_WARN_OBJC_ROOT_CLASS = YES_ERROR;
				CLANG_WARN_UNREACHABLE_CODE = YES;
				CLANG_WARN__DUPLICATE_METHOD_MATCH = YES;
				"CODE_SIGN_IDENTITY[sdk=iphoneos*]" = "iPhone Developer";
				COPY_PHASE_STRIP = YES;
				ENABLE_NS_ASSERTIONS = NO;
				ENABLE_STRICT_OBJC_MSGSEND = YES;
				GCC_C_LANGUAGE_STANDARD = gnu99;
				GCC_WARN_64_TO_32_BIT_CONVERSION = YES;
				GCC_WARN_ABOUT_RETURN_TYPE = YES_ERROR;
				GCC_WARN_UNDECLARED_SELECTOR = YES;
				GCC_WARN_UNINITIALIZED_AUTOS = YES_AGGRESSIVE;
				GCC_WARN_UNUSED_FUNCTION = YES;
				GCC_WARN_UNUSED_VARIABLE = YES;
				IPHONEOS_DEPLOYMENT_TARGET = 8.0;
				METAL_ENABLE_DEBUG_INFO = NO;
				SDKROOT = iphoneos;
				TARGETED_DEVICE_FAMILY = 2;
				VALIDATE_PRODUCT = YES;
			};
			name = Release;
		};
		49C78D74194105C2004D3404 /* Debug */ = {
			isa = XCBuildConfiguration;
			buildSettings = {
				ASSETCATALOG_COMPILER_APPICON_NAME = AppIcon;
				ASSETCATALOG_COMPILER_LAUNCHIMAGE_NAME = LaunchImage;
				CODE_SIGN_IDENTITY = "iPhone Developer";
				INFOPLIST_FILE = iKF/Info.plist;
				IPHONEOS_DEPLOYMENT_TARGET = 7.0;
				LD_RUNPATH_SEARCH_PATHS = "$(inherited) @executable_path/Frameworks";
				PRODUCT_NAME = "$(TARGET_NAME)";
			};
			name = Debug;
		};
		49C78D75194105C2004D3404 /* Release */ = {
			isa = XCBuildConfiguration;
			buildSettings = {
				ASSETCATALOG_COMPILER_APPICON_NAME = AppIcon;
				ASSETCATALOG_COMPILER_LAUNCHIMAGE_NAME = LaunchImage;
				CODE_SIGN_IDENTITY = "iPhone Developer";
				INFOPLIST_FILE = iKF/Info.plist;
				IPHONEOS_DEPLOYMENT_TARGET = 7.0;
				LD_RUNPATH_SEARCH_PATHS = "$(inherited) @executable_path/Frameworks";
				PRODUCT_NAME = "$(TARGET_NAME)";
			};
			name = Release;
		};
		49C78D77194105C2004D3404 /* Debug */ = {
			isa = XCBuildConfiguration;
			buildSettings = {
				BUNDLE_LOADER = "$(BUILT_PRODUCTS_DIR)/iKF.app/iKF";
				FRAMEWORK_SEARCH_PATHS = (
					"$(SDKROOT)/Developer/Library/Frameworks",
					"$(inherited)",
				);
				GCC_PREPROCESSOR_DEFINITIONS = (
					"DEBUG=1",
					"$(inherited)",
				);
				INFOPLIST_FILE = iKFTests/Info.plist;
				LD_RUNPATH_SEARCH_PATHS = "$(inherited) @executable_path/Frameworks @loader_path/Frameworks";
				METAL_ENABLE_DEBUG_INFO = YES;
				PRODUCT_NAME = "$(TARGET_NAME)";
				TEST_HOST = "$(BUNDLE_LOADER)";
			};
			name = Debug;
		};
		49C78D78194105C2004D3404 /* Release */ = {
			isa = XCBuildConfiguration;
			buildSettings = {
				BUNDLE_LOADER = "$(BUILT_PRODUCTS_DIR)/iKF.app/iKF";
				FRAMEWORK_SEARCH_PATHS = (
					"$(SDKROOT)/Developer/Library/Frameworks",
					"$(inherited)",
				);
				INFOPLIST_FILE = iKFTests/Info.plist;
				LD_RUNPATH_SEARCH_PATHS = "$(inherited) @executable_path/Frameworks @loader_path/Frameworks";
				METAL_ENABLE_DEBUG_INFO = NO;
				PRODUCT_NAME = "$(TARGET_NAME)";
				TEST_HOST = "$(BUNDLE_LOADER)";
			};
			name = Release;
		};
/* End XCBuildConfiguration section */

/* Begin XCConfigurationList section */
		49C78D4F194105C2004D3404 /* Build configuration list for PBXProject "iKF" */ = {
			isa = XCConfigurationList;
			buildConfigurations = (
				49C78D71194105C2004D3404 /* Debug */,
				49C78D72194105C2004D3404 /* Release */,
			);
			defaultConfigurationIsVisible = 0;
			defaultConfigurationName = Release;
		};
		49C78D73194105C2004D3404 /* Build configuration list for PBXNativeTarget "iKF" */ = {
			isa = XCConfigurationList;
			buildConfigurations = (
				49C78D74194105C2004D3404 /* Debug */,
				49C78D75194105C2004D3404 /* Release */,
			);
			defaultConfigurationIsVisible = 0;
		};
		49C78D76194105C2004D3404 /* Build configuration list for PBXNativeTarget "iKFTests" */ = {
			isa = XCConfigurationList;
			buildConfigurations = (
				49C78D77194105C2004D3404 /* Debug */,
				49C78D78194105C2004D3404 /* Release */,
			);
			defaultConfigurationIsVisible = 0;
		};
/* End XCConfigurationList section */

/* Begin XCVersionGroup section */
		49C78D5B194105C2004D3404 /* iKF.xcdatamodeld */ = {
			isa = XCVersionGroup;
			children = (
				49C78D5C194105C2004D3404 /* iKF.xcdatamodel */,
			);
			currentVersion = 49C78D5C194105C2004D3404 /* iKF.xcdatamodel */;
			path = iKF.xcdatamodeld;
			sourceTree = "<group>";
			versionGroupType = wrapper.xcdatamodel;
		};
/* End XCVersionGroup section */
	};
	rootObject = 49C78D4C194105C2004D3404 /* Project object */;
}
